<Solution>
  <Project Path="Blocks.Achievements.Editor.csproj" />
  <Project Path="Unity.Services.CloudCode.GeneratedBindings.csproj" />
  <Project Path="Assembly-CSharp.csproj" />
  <Project Path="Blocks.Achievements.csproj" />
  <Project Path="Blocks.Leaderboards.csproj" />
  <Project Path="Assembly-CSharp-Editor.csproj" />
  <Project Path="Blocks.PlayerAccount.csproj" />
  <Project Path="Blocks.Leaderboards.TestScene.csproj" />
  <Project Path="Blocks.Achievements.TestScene.csproj" />
  <Project Path="Blocks.PlayerAccount.TestScene.csproj" />
  <Project Path="Blocks.Common.csproj" />
</Solution>
